// !$*UTF8*$!
{
	archiveVersion = 1;
	classes = {
	};
	objectVersion = 46;
	objects = {

/* Begin PBXBuildFile section */
		03A8B6501844EBA4008BF4D2 /* bloody frame@2x.png in Resources */ = {isa = PBXBuildFile; fileRef = 03A8B64F1844EBA4008BF4D2 /* bloody frame@2x.png */; };
		40218C73183E2CE100ABBF8A /* HighscoreLevelSelectionViewController.m in Sources */ = {isa = PBXBuildFile; fileRef = 40218C72183E2CE100ABBF8A /* HighscoreLevelSelectionViewController.m */; };
		40D25B7918438E0E009D24F8 /* AlienInvaderLogo@2x.png in Resources */ = {isa = PBXBuildFile; fileRef = 40D25B7818438E0E009D24F8 /* AlienInvaderLogo@2x.png */; };
		40D25B8518439865009D24F8 /* Atom Bomb@2x.png in Resources */ = {isa = PBXBuildFile; fileRef = 40D25B8418439865009D24F8 /* Atom Bomb@2x.png */; };
		40D25B8718439C72009D24F8 /* Laser@2x.png in Resources */ = {isa = PBXBuildFile; fileRef = 40D25B8618439C72009D24F8 /* Laser@2x.png */; };
		40D25B8B18439E57009D24F8 /* Double Shot@2x.png in Resources */ = {isa = PBXBuildFile; fileRef = 40D25B8818439E57009D24F8 /* Double Shot@2x.png */; };
		40D25B8C18439E57009D24F8 /* Shotgun@2x.png in Resources */ = {isa = PBXBuildFile; fileRef = 40D25B8918439E57009D24F8 /* Shotgun@2x.png */; };
		40D25B8D18439E57009D24F8 /* Single Shot@2x.png in Resources */ = {isa = PBXBuildFile; fileRef = 40D25B8A18439E57009D24F8 /* Single Shot@2x.png */; };
		40D25B8F18450159009D24F8 /* standardEnemy@2x.png in Resources */ = {isa = PBXBuildFile; fileRef = 40D25B8E18450159009D24F8 /* standardEnemy@2x.png */; };
		40D25B931845062B009D24F8 /* Bullet@2x.png in Resources */ = {isa = PBXBuildFile; fileRef = 40D25B921845062B009D24F8 /* Bullet@2x.png */; };
		40DB3C8A183F82FB009FD3FA /* LevelManager.m in Sources */ = {isa = PBXBuildFile; fileRef = 40DB3C89183F82FB009FD3FA /* LevelManager.m */; };
		40DB3C8D183F8319009FD3FA /* Level.m in Sources */ = {isa = PBXBuildFile; fileRef = 40DB3C8C183F8319009FD3FA /* Level.m */; };
		40F262E1183E599E007E35CD /* LevelSelectionMenuItem.png in Resources */ = {isa = PBXBuildFile; fileRef = 40F262DF183E599E007E35CD /* LevelSelectionMenuItem.png */; };
		40F262E2183E599E007E35CD /* LevelSelectionMenuItem@2x.png in Resources */ = {isa = PBXBuildFile; fileRef = 40F262E0183E599E007E35CD /* LevelSelectionMenuItem@2x.png */; };
		40F262E5183E5B9A007E35CD /* HighscoresMenuItem.png in Resources */ = {isa = PBXBuildFile; fileRef = 40F262E3183E5B9A007E35CD /* HighscoresMenuItem.png */; };
		40F262E6183E5B9A007E35CD /* HighscoresMenuItem@2x.png in Resources */ = {isa = PBXBuildFile; fileRef = 40F262E4183E5B9A007E35CD /* HighscoresMenuItem@2x.png */; };
		40F262E9183E5BA5007E35CD /* UpgradeStoreMenuItem.png in Resources */ = {isa = PBXBuildFile; fileRef = 40F262E7183E5BA5007E35CD /* UpgradeStoreMenuItem.png */; };
		40F262EA183E5BA5007E35CD /* UpgradeStoreMenuItem@2x.png in Resources */ = {isa = PBXBuildFile; fileRef = 40F262E8183E5BA5007E35CD /* UpgradeStoreMenuItem@2x.png */; };
		40F262F1183E6146007E35CD /* MainMenuBackground.jpg in Resources */ = {isa = PBXBuildFile; fileRef = 40F262EF183E6146007E35CD /* MainMenuBackground.jpg */; };
		40F262F2183E6146007E35CD /* MainMenuBackground@2x.jpg in Resources */ = {isa = PBXBuildFile; fileRef = 40F262F0183E6146007E35CD /* MainMenuBackground@2x.jpg */; };
		40F262FC183E6658007E35CD /* Level1MenuItem.png in Resources */ = {isa = PBXBuildFile; fileRef = 40F262F6183E6658007E35CD /* Level1MenuItem.png */; };
		40F262FD183E6658007E35CD /* Level1MenuItem@2x.png in Resources */ = {isa = PBXBuildFile; fileRef = 40F262F7183E6658007E35CD /* Level1MenuItem@2x.png */; };
		40F262FE183E6658007E35CD /* Level2MenuItem.png in Resources */ = {isa = PBXBuildFile; fileRef = 40F262F8183E6658007E35CD /* Level2MenuItem.png */; };
		40F262FF183E6658007E35CD /* Level2MenuItem@2x.png in Resources */ = {isa = PBXBuildFile; fileRef = 40F262F9183E6658007E35CD /* Level2MenuItem@2x.png */; };
		40F26300183E6658007E35CD /* Level3MenuItem.png in Resources */ = {isa = PBXBuildFile; fileRef = 40F262FA183E6658007E35CD /* Level3MenuItem.png */; };
		40F26301183E6658007E35CD /* Level3MenuItem@2x.png in Resources */ = {isa = PBXBuildFile; fileRef = 40F262FB183E6658007E35CD /* Level3MenuItem@2x.png */; };
		40F26305183E7BE2007E35CD /* Apple-casual.ttf in Resources */ = {isa = PBXBuildFile; fileRef = 40F26304183E7BE2007E35CD /* Apple-casual.ttf */; };
		78115496183D1AD300A61AD2 /* Foundation.framework in Frameworks */ = {isa = PBXBuildFile; fileRef = 78115495183D1AD300A61AD2 /* Foundation.framework */; };
		78115498183D1AD300A61AD2 /* CoreGraphics.framework in Frameworks */ = {isa = PBXBuildFile; fileRef = 78115497183D1AD300A61AD2 /* CoreGraphics.framework */; };
		7811549A183D1AD300A61AD2 /* UIKit.framework in Frameworks */ = {isa = PBXBuildFile; fileRef = 78115499183D1AD300A61AD2 /* UIKit.framework */; };
		7811549C183D1AD300A61AD2 /* SpriteKit.framework in Frameworks */ = {isa = PBXBuildFile; fileRef = 7811549B183D1AD300A61AD2 /* SpriteKit.framework */; };
		781154A2183D1AD300A61AD2 /* InfoPlist.strings in Resources */ = {isa = PBXBuildFile; fileRef = 781154A0183D1AD300A61AD2 /* InfoPlist.strings */; };
		781154A4183D1AD300A61AD2 /* main.m in Sources */ = {isa = PBXBuildFile; fileRef = 781154A3183D1AD300A61AD2 /* main.m */; };
		781154A8183D1AD300A61AD2 /* AppDelegate.m in Sources */ = {isa = PBXBuildFile; fileRef = 781154A7183D1AD300A61AD2 /* AppDelegate.m */; };
		781154AB183D1AD300A61AD2 /* Main.storyboard in Resources */ = {isa = PBXBuildFile; fileRef = 781154A9183D1AD300A61AD2 /* Main.storyboard */; };
		781154B5183D1AD300A61AD2 /* Images.xcassets in Resources */ = {isa = PBXBuildFile; fileRef = 781154B4183D1AD300A61AD2 /* Images.xcassets */; };
		781154BC183D1AD300A61AD2 /* XCTest.framework in Frameworks */ = {isa = PBXBuildFile; fileRef = 781154BB183D1AD300A61AD2 /* XCTest.framework */; };
		781154BD183D1AD300A61AD2 /* Foundation.framework in Frameworks */ = {isa = PBXBuildFile; fileRef = 78115495183D1AD300A61AD2 /* Foundation.framework */; };
		781154BE183D1AD300A61AD2 /* UIKit.framework in Frameworks */ = {isa = PBXBuildFile; fileRef = 78115499183D1AD300A61AD2 /* UIKit.framework */; };
		781154C6183D1AD300A61AD2 /* InfoPlist.strings in Resources */ = {isa = PBXBuildFile; fileRef = 781154C4183D1AD300A61AD2 /* InfoPlist.strings */; };
		781154C8183D1AD300A61AD2 /* AlienInvadersTests.m in Sources */ = {isa = PBXBuildFile; fileRef = 781154C7183D1AD300A61AD2 /* AlienInvadersTests.m */; };
		781154D3183D2A6400A61AD2 /* MainMenuViewController.m in Sources */ = {isa = PBXBuildFile; fileRef = 781154D2183D2A6400A61AD2 /* MainMenuViewController.m */; };
		781154D7183D2AA600A61AD2 /* LevelSelectionViewController.m in Sources */ = {isa = PBXBuildFile; fileRef = 781154D6183D2AA600A61AD2 /* LevelSelectionViewController.m */; };
		781154DA183D2ACD00A61AD2 /* HighscoreViewController.m in Sources */ = {isa = PBXBuildFile; fileRef = 781154D9183D2ACD00A61AD2 /* HighscoreViewController.m */; };
		781154DD183D2AF200A61AD2 /* UpgradeStoreViewController.m in Sources */ = {isa = PBXBuildFile; fileRef = 781154DC183D2AF200A61AD2 /* UpgradeStoreViewController.m */; };
		781154E1183D30C400A61AD2 /* HighscoreManager.m in Sources */ = {isa = PBXBuildFile; fileRef = 781154E0183D30C400A61AD2 /* HighscoreManager.m */; };
		781154E4183D30D200A61AD2 /* Highscore.m in Sources */ = {isa = PBXBuildFile; fileRef = 781154E3183D30D200A61AD2 /* Highscore.m */; };
		954123AF184210900033FBD8 /* tempShield.png in Resources */ = {isa = PBXBuildFile; fileRef = 954123AE184210900033FBD8 /* tempShield.png */; };
		95640EDB1842256B00D67AAB /* ShieldManager.m in Sources */ = {isa = PBXBuildFile; fileRef = 95640EDA1842256B00D67AAB /* ShieldManager.m */; };
		9573ACBA1845587D0030F8F3 /* MothershipWeapons.m in Sources */ = {isa = PBXBuildFile; fileRef = 9573ACB91845587D0030F8F3 /* MothershipWeapons.m */; };
		9573ACBE184558D60030F8F3 /* MothershipSingleShot.m in Sources */ = {isa = PBXBuildFile; fileRef = 9573ACBD184558D60030F8F3 /* MothershipSingleShot.m */; };
		9573ACC118455B140030F8F3 /* Bullet.m in Sources */ = {isa = PBXBuildFile; fileRef = 9573ACC018455B140030F8F3 /* Bullet.m */; };
		9573ACC3184563460030F8F3 /* explosion.sks in Resources */ = {isa = PBXBuildFile; fileRef = 9573ACC2184563460030F8F3 /* explosion.sks */; };
		9573ACC7184568810030F8F3 /* LifeIndicator.m in Sources */ = {isa = PBXBuildFile; fileRef = 9573ACC6184568810030F8F3 /* LifeIndicator.m */; };
		9573ACC9184569BF0030F8F3 /* white.png in Resources */ = {isa = PBXBuildFile; fileRef = 9573ACC8184569BF0030F8F3 /* white.png */; };
		9573ACCC184570F30030F8F3 /* redCross@2x.png in Resources */ = {isa = PBXBuildFile; fileRef = 9573ACCB184570F30030F8F3 /* redCross@2x.png */; };
		957B37231844B4780086EC8B /* GameSceneViewController.m in Sources */ = {isa = PBXBuildFile; fileRef = 957B37221844B4780086EC8B /* GameSceneViewController.m */; };
		957B372A1844B51B0086EC8B /* GameScene.m in Sources */ = {isa = PBXBuildFile; fileRef = 957B37291844B51B0086EC8B /* GameScene.m */; };
		959219C3184104B0005645B1 /* WeaponManager.m in Sources */ = {isa = PBXBuildFile; fileRef = 959219C2184104B0005645B1 /* WeaponManager.m */; };
		959219C6184112FA005645B1 /* tempWeapon.jpg in Resources */ = {isa = PBXBuildFile; fileRef = 959219C5184112FA005645B1 /* tempWeapon.jpg */; };
		95950ED21845FE0000CBF5E0 /* MothershipDoubleShot.m in Sources */ = {isa = PBXBuildFile; fileRef = 95950ED11845FE0000CBF5E0 /* MothershipDoubleShot.m */; };
		95950ED51845FF3000CBF5E0 /* MothershipShotgun.m in Sources */ = {isa = PBXBuildFile; fileRef = 95950ED41845FF3000CBF5E0 /* MothershipShotgun.m */; };
		95950EDA1846259700CBF5E0 /* MotherShipLaser.m in Sources */ = {isa = PBXBuildFile; fileRef = 95950ED91846259700CBF5E0 /* MotherShipLaser.m */; };
		95950EDD18462CE700CBF5E0 /* Laser.m in Sources */ = {isa = PBXBuildFile; fileRef = 95950EDC18462CE700CBF5E0 /* Laser.m */; };
		95950EE11846313800CBF5E0 /* laserbeam@2x.png in Resources */ = {isa = PBXBuildFile; fileRef = 95950EE01846313800CBF5E0 /* laserbeam@2x.png */; };
		95D589DA1844CC9C0069BCC6 /* Enemy.m in Sources */ = {isa = PBXBuildFile; fileRef = 95D589D91844CC9C0069BCC6 /* Enemy.m */; };
		95D589DD1844D0080069BCC6 /* StandardEnemy.m in Sources */ = {isa = PBXBuildFile; fileRef = 95D589DC1844D0080069BCC6 /* StandardEnemy.m */; };
		95D589E11844D0D60069BCC6 /* Categories.m in Sources */ = {isa = PBXBuildFile; fileRef = 95D589E01844D0D60069BCC6 /* Categories.m */; };
		95D589E81844D7980069BCC6 /* Mothership.m in Sources */ = {isa = PBXBuildFile; fileRef = 95D589E71844D7980069BCC6 /* Mothership.m */; };
		95D589F41844E8C40069BCC6 /* MotherShip@2x.png in Resources */ = {isa = PBXBuildFile; fileRef = 95D589F31844E8C40069BCC6 /* MotherShip@2x.png */; };
		95D589FD1845062A0069BCC6 /* EnemyFactory.m in Sources */ = {isa = PBXBuildFile; fileRef = 95D589FC1845062A0069BCC6 /* EnemyFactory.m */; };
		95D58A00184514C00069BCC6 /* mothershipBurst.sks in Resources */ = {isa = PBXBuildFile; fileRef = 95D589FE184514C00069BCC6 /* mothershipBurst.sks */; };
		95D58A01184514C00069BCC6 /* spark.png in Resources */ = {isa = PBXBuildFile; fileRef = 95D589FF184514C00069BCC6 /* spark.png */; };
		95D58A05184517370069BCC6 /* enemyBurst.sks in Resources */ = {isa = PBXBuildFile; fileRef = 95D58A04184517370069BCC6 /* enemyBurst.sks */; };
/* End PBXBuildFile section */

/* Begin PBXContainerItemProxy section */
		781154BF183D1AD300A61AD2 /* PBXContainerItemProxy */ = {
			isa = PBXContainerItemProxy;
			containerPortal = 7811548A183D1AD200A61AD2 /* Project object */;
			proxyType = 1;
			remoteGlobalIDString = 78115491183D1AD300A61AD2;
			remoteInfo = AlienInvaders;
		};
/* End PBXContainerItemProxy section */

/* Begin PBXFileReference section */
		03A8B64F1844EBA4008BF4D2 /* bloody frame@2x.png */ = {isa = PBXFileReference; lastKnownFileType = image.png; path = "bloody frame@2x.png"; sourceTree = "<group>"; };
		40218C71183E2CE100ABBF8A /* HighscoreLevelSelectionViewController.h */ = {isa = PBXFileReference; fileEncoding = 4; lastKnownFileType = sourcecode.c.h; path = HighscoreLevelSelectionViewController.h; sourceTree = "<group>"; };
		40218C72183E2CE100ABBF8A /* HighscoreLevelSelectionViewController.m */ = {isa = PBXFileReference; fileEncoding = 4; lastKnownFileType = sourcecode.c.objc; path = HighscoreLevelSelectionViewController.m; sourceTree = "<group>"; };
		40D25B7818438E0E009D24F8 /* AlienInvaderLogo@2x.png */ = {isa = PBXFileReference; lastKnownFileType = image.png; path = "AlienInvaderLogo@2x.png"; sourceTree = "<group>"; };
		40D25B8418439865009D24F8 /* Atom Bomb@2x.png */ = {isa = PBXFileReference; lastKnownFileType = image.png; path = "Atom Bomb@2x.png"; sourceTree = "<group>"; };
		40D25B8618439C72009D24F8 /* Laser@2x.png */ = {isa = PBXFileReference; lastKnownFileType = image.png; path = "Laser@2x.png"; sourceTree = "<group>"; };
		40D25B8818439E57009D24F8 /* Double Shot@2x.png */ = {isa = PBXFileReference; lastKnownFileType = image.png; path = "Double Shot@2x.png"; sourceTree = "<group>"; };
		40D25B8918439E57009D24F8 /* Shotgun@2x.png */ = {isa = PBXFileReference; lastKnownFileType = image.png; path = "Shotgun@2x.png"; sourceTree = "<group>"; };
		40D25B8A18439E57009D24F8 /* Single Shot@2x.png */ = {isa = PBXFileReference; lastKnownFileType = image.png; path = "Single Shot@2x.png"; sourceTree = "<group>"; };
		40D25B8E18450159009D24F8 /* standardEnemy@2x.png */ = {isa = PBXFileReference; lastKnownFileType = image.png; path = "standardEnemy@2x.png"; sourceTree = "<group>"; };
		40D25B921845062B009D24F8 /* Bullet@2x.png */ = {isa = PBXFileReference; lastKnownFileType = image.png; path = "Bullet@2x.png"; sourceTree = "<group>"; };
		40DB3C88183F82FB009FD3FA /* LevelManager.h */ = {isa = PBXFileReference; fileEncoding = 4; lastKnownFileType = sourcecode.c.h; path = LevelManager.h; sourceTree = "<group>"; };
		40DB3C89183F82FB009FD3FA /* LevelManager.m */ = {isa = PBXFileReference; fileEncoding = 4; lastKnownFileType = sourcecode.c.objc; path = LevelManager.m; sourceTree = "<group>"; };
		40DB3C8B183F8319009FD3FA /* Level.h */ = {isa = PBXFileReference; fileEncoding = 4; lastKnownFileType = sourcecode.c.h; path = Level.h; sourceTree = "<group>"; };
		40DB3C8C183F8319009FD3FA /* Level.m */ = {isa = PBXFileReference; fileEncoding = 4; lastKnownFileType = sourcecode.c.objc; path = Level.m; sourceTree = "<group>"; };
		40F262DF183E599E007E35CD /* LevelSelectionMenuItem.png */ = {isa = PBXFileReference; lastKnownFileType = image.png; path = LevelSelectionMenuItem.png; sourceTree = "<group>"; };
		40F262E0183E599E007E35CD /* LevelSelectionMenuItem@2x.png */ = {isa = PBXFileReference; lastKnownFileType = image.png; path = "LevelSelectionMenuItem@2x.png"; sourceTree = "<group>"; };
		40F262E3183E5B9A007E35CD /* HighscoresMenuItem.png */ = {isa = PBXFileReference; lastKnownFileType = image.png; path = HighscoresMenuItem.png; sourceTree = "<group>"; };
		40F262E4183E5B9A007E35CD /* HighscoresMenuItem@2x.png */ = {isa = PBXFileReference; lastKnownFileType = image.png; path = "HighscoresMenuItem@2x.png"; sourceTree = "<group>"; };
		40F262E7183E5BA5007E35CD /* UpgradeStoreMenuItem.png */ = {isa = PBXFileReference; lastKnownFileType = image.png; path = UpgradeStoreMenuItem.png; sourceTree = "<group>"; };
		40F262E8183E5BA5007E35CD /* UpgradeStoreMenuItem@2x.png */ = {isa = PBXFileReference; lastKnownFileType = image.png; path = "UpgradeStoreMenuItem@2x.png"; sourceTree = "<group>"; };
		40F262EF183E6146007E35CD /* MainMenuBackground.jpg */ = {isa = PBXFileReference; lastKnownFileType = image.jpeg; path = MainMenuBackground.jpg; sourceTree = "<group>"; };
		40F262F0183E6146007E35CD /* MainMenuBackground@2x.jpg */ = {isa = PBXFileReference; lastKnownFileType = image.jpeg; path = "MainMenuBackground@2x.jpg"; sourceTree = "<group>"; };
		40F262F6183E6658007E35CD /* Level1MenuItem.png */ = {isa = PBXFileReference; lastKnownFileType = image.png; path = Level1MenuItem.png; sourceTree = "<group>"; };
		40F262F7183E6658007E35CD /* Level1MenuItem@2x.png */ = {isa = PBXFileReference; lastKnownFileType = image.png; path = "Level1MenuItem@2x.png"; sourceTree = "<group>"; };
		40F262F8183E6658007E35CD /* Level2MenuItem.png */ = {isa = PBXFileReference; lastKnownFileType = image.png; path = Level2MenuItem.png; sourceTree = "<group>"; };
		40F262F9183E6658007E35CD /* Level2MenuItem@2x.png */ = {isa = PBXFileReference; lastKnownFileType = image.png; path = "Level2MenuItem@2x.png"; sourceTree = "<group>"; };
		40F262FA183E6658007E35CD /* Level3MenuItem.png */ = {isa = PBXFileReference; lastKnownFileType = image.png; path = Level3MenuItem.png; sourceTree = "<group>"; };
		40F262FB183E6658007E35CD /* Level3MenuItem@2x.png */ = {isa = PBXFileReference; lastKnownFileType = image.png; path = "Level3MenuItem@2x.png"; sourceTree = "<group>"; };
		40F26304183E7BE2007E35CD /* Apple-casual.ttf */ = {isa = PBXFileReference; lastKnownFileType = file; path = "Apple-casual.ttf"; sourceTree = "<group>"; };
		78115492183D1AD300A61AD2 /* AlienInvaders.app */ = {isa = PBXFileReference; explicitFileType = wrapper.application; includeInIndex = 0; path = AlienInvaders.app; sourceTree = BUILT_PRODUCTS_DIR; };
		78115495183D1AD300A61AD2 /* Foundation.framework */ = {isa = PBXFileReference; lastKnownFileType = wrapper.framework; name = Foundation.framework; path = System/Library/Frameworks/Foundation.framework; sourceTree = SDKROOT; };
		78115497183D1AD300A61AD2 /* CoreGraphics.framework */ = {isa = PBXFileReference; lastKnownFileType = wrapper.framework; name = CoreGraphics.framework; path = System/Library/Frameworks/CoreGraphics.framework; sourceTree = SDKROOT; };
		78115499183D1AD300A61AD2 /* UIKit.framework */ = {isa = PBXFileReference; lastKnownFileType = wrapper.framework; name = UIKit.framework; path = System/Library/Frameworks/UIKit.framework; sourceTree = SDKROOT; };
		7811549B183D1AD300A61AD2 /* SpriteKit.framework */ = {isa = PBXFileReference; lastKnownFileType = wrapper.framework; name = SpriteKit.framework; path = System/Library/Frameworks/SpriteKit.framework; sourceTree = SDKROOT; };
		7811549F183D1AD300A61AD2 /* AlienInvaders-Info.plist */ = {isa = PBXFileReference; lastKnownFileType = text.plist.xml; path = "AlienInvaders-Info.plist"; sourceTree = "<group>"; };
		781154A1183D1AD300A61AD2 /* en */ = {isa = PBXFileReference; lastKnownFileType = text.plist.strings; name = en; path = en.lproj/InfoPlist.strings; sourceTree = "<group>"; };
		781154A3183D1AD300A61AD2 /* main.m */ = {isa = PBXFileReference; lastKnownFileType = sourcecode.c.objc; path = main.m; sourceTree = "<group>"; };
		781154A5183D1AD300A61AD2 /* AlienInvaders-Prefix.pch */ = {isa = PBXFileReference; lastKnownFileType = sourcecode.c.h; path = "AlienInvaders-Prefix.pch"; sourceTree = "<group>"; };
		781154A6183D1AD300A61AD2 /* AppDelegate.h */ = {isa = PBXFileReference; lastKnownFileType = sourcecode.c.h; path = AppDelegate.h; sourceTree = "<group>"; };
		781154A7183D1AD300A61AD2 /* AppDelegate.m */ = {isa = PBXFileReference; lastKnownFileType = sourcecode.c.objc; path = AppDelegate.m; sourceTree = "<group>"; };
		781154AA183D1AD300A61AD2 /* Base */ = {isa = PBXFileReference; lastKnownFileType = file.storyboard; name = Base; path = Base.lproj/Main.storyboard; sourceTree = "<group>"; };
		781154B4183D1AD300A61AD2 /* Images.xcassets */ = {isa = PBXFileReference; lastKnownFileType = folder.assetcatalog; path = Images.xcassets; sourceTree = "<group>"; };
		781154BA183D1AD300A61AD2 /* AlienInvadersTests.xctest */ = {isa = PBXFileReference; explicitFileType = wrapper.cfbundle; includeInIndex = 0; path = AlienInvadersTests.xctest; sourceTree = BUILT_PRODUCTS_DIR; };
		781154BB183D1AD300A61AD2 /* XCTest.framework */ = {isa = PBXFileReference; lastKnownFileType = wrapper.framework; name = XCTest.framework; path = Library/Frameworks/XCTest.framework; sourceTree = DEVELOPER_DIR; };
		781154C3183D1AD300A61AD2 /* AlienInvadersTests-Info.plist */ = {isa = PBXFileReference; lastKnownFileType = text.plist.xml; path = "AlienInvadersTests-Info.plist"; sourceTree = "<group>"; };
		781154C5183D1AD300A61AD2 /* en */ = {isa = PBXFileReference; lastKnownFileType = text.plist.strings; name = en; path = en.lproj/InfoPlist.strings; sourceTree = "<group>"; };
		781154C7183D1AD300A61AD2 /* AlienInvadersTests.m */ = {isa = PBXFileReference; lastKnownFileType = sourcecode.c.objc; path = AlienInvadersTests.m; sourceTree = "<group>"; };
		781154D1183D2A6400A61AD2 /* MainMenuViewController.h */ = {isa = PBXFileReference; fileEncoding = 4; lastKnownFileType = sourcecode.c.h; path = MainMenuViewController.h; sourceTree = "<group>"; };
		781154D2183D2A6400A61AD2 /* MainMenuViewController.m */ = {isa = PBXFileReference; fileEncoding = 4; lastKnownFileType = sourcecode.c.objc; path = MainMenuViewController.m; sourceTree = "<group>"; };
		781154D5183D2AA600A61AD2 /* LevelSelectionViewController.h */ = {isa = PBXFileReference; fileEncoding = 4; lastKnownFileType = sourcecode.c.h; path = LevelSelectionViewController.h; sourceTree = "<group>"; };
		781154D6183D2AA600A61AD2 /* LevelSelectionViewController.m */ = {isa = PBXFileReference; fileEncoding = 4; lastKnownFileType = sourcecode.c.objc; path = LevelSelectionViewController.m; sourceTree = "<group>"; };
		781154D8183D2ACD00A61AD2 /* HighscoreViewController.h */ = {isa = PBXFileReference; fileEncoding = 4; lastKnownFileType = sourcecode.c.h; path = HighscoreViewController.h; sourceTree = "<group>"; };
		781154D9183D2ACD00A61AD2 /* HighscoreViewController.m */ = {isa = PBXFileReference; fileEncoding = 4; lastKnownFileType = sourcecode.c.objc; path = HighscoreViewController.m; sourceTree = "<group>"; };
		781154DB183D2AF200A61AD2 /* UpgradeStoreViewController.h */ = {isa = PBXFileReference; fileEncoding = 4; lastKnownFileType = sourcecode.c.h; path = UpgradeStoreViewController.h; sourceTree = "<group>"; };
		781154DC183D2AF200A61AD2 /* UpgradeStoreViewController.m */ = {isa = PBXFileReference; fileEncoding = 4; lastKnownFileType = sourcecode.c.objc; path = UpgradeStoreViewController.m; sourceTree = "<group>"; };
		781154DF183D30C400A61AD2 /* HighscoreManager.h */ = {isa = PBXFileReference; fileEncoding = 4; lastKnownFileType = sourcecode.c.h; path = HighscoreManager.h; sourceTree = "<group>"; };
		781154E0183D30C400A61AD2 /* HighscoreManager.m */ = {isa = PBXFileReference; fileEncoding = 4; lastKnownFileType = sourcecode.c.objc; path = HighscoreManager.m; sourceTree = "<group>"; };
		781154E2183D30D200A61AD2 /* Highscore.h */ = {isa = PBXFileReference; fileEncoding = 4; lastKnownFileType = sourcecode.c.h; path = Highscore.h; sourceTree = "<group>"; };
		781154E3183D30D200A61AD2 /* Highscore.m */ = {isa = PBXFileReference; fileEncoding = 4; lastKnownFileType = sourcecode.c.objc; path = Highscore.m; sourceTree = "<group>"; };
		954123AE184210900033FBD8 /* tempShield.png */ = {isa = PBXFileReference; lastKnownFileType = image.png; path = tempShield.png; sourceTree = "<group>"; };
		95640ED91842256B00D67AAB /* ShieldManager.h */ = {isa = PBXFileReference; fileEncoding = 4; lastKnownFileType = sourcecode.c.h; path = ShieldManager.h; sourceTree = "<group>"; };
		95640EDA1842256B00D67AAB /* ShieldManager.m */ = {isa = PBXFileReference; fileEncoding = 4; lastKnownFileType = sourcecode.c.objc; path = ShieldManager.m; sourceTree = "<group>"; };
		9573ACB81845587D0030F8F3 /* MothershipWeapons.h */ = {isa = PBXFileReference; fileEncoding = 4; lastKnownFileType = sourcecode.c.h; path = MothershipWeapons.h; sourceTree = "<group>"; };
		9573ACB91845587D0030F8F3 /* MothershipWeapons.m */ = {isa = PBXFileReference; fileEncoding = 4; lastKnownFileType = sourcecode.c.objc; path = MothershipWeapons.m; sourceTree = "<group>"; };
		9573ACBC184558D60030F8F3 /* MothershipSingleShot.h */ = {isa = PBXFileReference; fileEncoding = 4; lastKnownFileType = sourcecode.c.h; path = MothershipSingleShot.h; sourceTree = "<group>"; };
		9573ACBD184558D60030F8F3 /* MothershipSingleShot.m */ = {isa = PBXFileReference; fileEncoding = 4; lastKnownFileType = sourcecode.c.objc; path = MothershipSingleShot.m; sourceTree = "<group>"; };
		9573ACBF18455B140030F8F3 /* Bullet.h */ = {isa = PBXFileReference; fileEncoding = 4; lastKnownFileType = sourcecode.c.h; path = Bullet.h; sourceTree = "<group>"; };
		9573ACC018455B140030F8F3 /* Bullet.m */ = {isa = PBXFileReference; fileEncoding = 4; lastKnownFileType = sourcecode.c.objc; path = Bullet.m; sourceTree = "<group>"; };
		9573ACC2184563460030F8F3 /* explosion.sks */ = {isa = PBXFileReference; lastKnownFileType = file.sks; path = explosion.sks; sourceTree = "<group>"; };
		9573ACC5184568810030F8F3 /* LifeIndicator.h */ = {isa = PBXFileReference; fileEncoding = 4; lastKnownFileType = sourcecode.c.h; path = LifeIndicator.h; sourceTree = "<group>"; };
		9573ACC6184568810030F8F3 /* LifeIndicator.m */ = {isa = PBXFileReference; fileEncoding = 4; lastKnownFileType = sourcecode.c.objc; path = LifeIndicator.m; sourceTree = "<group>"; };
		9573ACC8184569BF0030F8F3 /* white.png */ = {isa = PBXFileReference; lastKnownFileType = image.png; path = white.png; sourceTree = "<group>"; };
		9573ACCB184570F30030F8F3 /* redCross@2x.png */ = {isa = PBXFileReference; lastKnownFileType = image.png; path = "redCross@2x.png"; sourceTree = "<group>"; };
		957B37211844B4780086EC8B /* GameSceneViewController.h */ = {isa = PBXFileReference; fileEncoding = 4; lastKnownFileType = sourcecode.c.h; path = GameSceneViewController.h; sourceTree = "<group>"; };
		957B37221844B4780086EC8B /* GameSceneViewController.m */ = {isa = PBXFileReference; fileEncoding = 4; lastKnownFileType = sourcecode.c.objc; path = GameSceneViewController.m; sourceTree = "<group>"; };
		957B37281844B51B0086EC8B /* GameScene.h */ = {isa = PBXFileReference; fileEncoding = 4; lastKnownFileType = sourcecode.c.h; path = GameScene.h; sourceTree = "<group>"; };
		957B37291844B51B0086EC8B /* GameScene.m */ = {isa = PBXFileReference; fileEncoding = 4; lastKnownFileType = sourcecode.c.objc; path = GameScene.m; sourceTree = "<group>"; };
		959219C1184104B0005645B1 /* WeaponManager.h */ = {isa = PBXFileReference; fileEncoding = 4; lastKnownFileType = sourcecode.c.h; path = WeaponManager.h; sourceTree = "<group>"; };
		959219C2184104B0005645B1 /* WeaponManager.m */ = {isa = PBXFileReference; fileEncoding = 4; lastKnownFileType = sourcecode.c.objc; path = WeaponManager.m; sourceTree = "<group>"; };
		959219C5184112FA005645B1 /* tempWeapon.jpg */ = {isa = PBXFileReference; lastKnownFileType = image.jpeg; path = tempWeapon.jpg; sourceTree = "<group>"; };
		95950ED01845FE0000CBF5E0 /* MothershipDoubleShot.h */ = {isa = PBXFileReference; fileEncoding = 4; lastKnownFileType = sourcecode.c.h; path = MothershipDoubleShot.h; sourceTree = "<group>"; };
		95950ED11845FE0000CBF5E0 /* MothershipDoubleShot.m */ = {isa = PBXFileReference; fileEncoding = 4; lastKnownFileType = sourcecode.c.objc; path = MothershipDoubleShot.m; sourceTree = "<group>"; };
		95950ED31845FF3000CBF5E0 /* MothershipShotgun.h */ = {isa = PBXFileReference; fileEncoding = 4; lastKnownFileType = sourcecode.c.h; path = MothershipShotgun.h; sourceTree = "<group>"; };
		95950ED41845FF3000CBF5E0 /* MothershipShotgun.m */ = {isa = PBXFileReference; fileEncoding = 4; lastKnownFileType = sourcecode.c.objc; path = MothershipShotgun.m; sourceTree = "<group>"; };
		95950ED81846259700CBF5E0 /* MotherShipLaser.h */ = {isa = PBXFileReference; fileEncoding = 4; lastKnownFileType = sourcecode.c.h; path = MotherShipLaser.h; sourceTree = "<group>"; };
		95950ED91846259700CBF5E0 /* MotherShipLaser.m */ = {isa = PBXFileReference; fileEncoding = 4; lastKnownFileType = sourcecode.c.objc; path = MotherShipLaser.m; sourceTree = "<group>"; };
		95950EDB18462CE700CBF5E0 /* Laser.h */ = {isa = PBXFileReference; fileEncoding = 4; lastKnownFileType = sourcecode.c.h; path = Laser.h; sourceTree = "<group>"; };
		95950EDC18462CE700CBF5E0 /* Laser.m */ = {isa = PBXFileReference; fileEncoding = 4; lastKnownFileType = sourcecode.c.objc; path = Laser.m; sourceTree = "<group>"; };
		95950EE01846313800CBF5E0 /* laserbeam@2x.png */ = {isa = PBXFileReference; lastKnownFileType = image.png; path = "laserbeam@2x.png"; sourceTree = "<group>"; };
		95D589D81844CC9C0069BCC6 /* Enemy.h */ = {isa = PBXFileReference; fileEncoding = 4; lastKnownFileType = sourcecode.c.h; path = Enemy.h; sourceTree = "<group>"; };
		95D589D91844CC9C0069BCC6 /* Enemy.m */ = {isa = PBXFileReference; fileEncoding = 4; lastKnownFileType = sourcecode.c.objc; path = Enemy.m; sourceTree = "<group>"; };
		95D589DB1844D0080069BCC6 /* StandardEnemy.h */ = {isa = PBXFileReference; fileEncoding = 4; lastKnownFileType = sourcecode.c.h; path = StandardEnemy.h; sourceTree = "<group>"; };
		95D589DC1844D0080069BCC6 /* StandardEnemy.m */ = {isa = PBXFileReference; fileEncoding = 4; lastKnownFileType = sourcecode.c.objc; path = StandardEnemy.m; sourceTree = "<group>"; };
		95D589DF1844D0D60069BCC6 /* Categories.h */ = {isa = PBXFileReference; fileEncoding = 4; lastKnownFileType = sourcecode.c.h; path = Categories.h; sourceTree = "<group>"; };
		95D589E01844D0D60069BCC6 /* Categories.m */ = {isa = PBXFileReference; fileEncoding = 4; lastKnownFileType = sourcecode.c.objc; path = Categories.m; sourceTree = "<group>"; };
		95D589E61844D7980069BCC6 /* Mothership.h */ = {isa = PBXFileReference; fileEncoding = 4; lastKnownFileType = sourcecode.c.h; path = Mothership.h; sourceTree = "<group>"; };
		95D589E71844D7980069BCC6 /* Mothership.m */ = {isa = PBXFileReference; fileEncoding = 4; lastKnownFileType = sourcecode.c.objc; path = Mothership.m; sourceTree = "<group>"; };
		95D589F31844E8C40069BCC6 /* MotherShip@2x.png */ = {isa = PBXFileReference; lastKnownFileType = image.png; path = "MotherShip@2x.png"; sourceTree = "<group>"; };
		95D589FB1845062A0069BCC6 /* EnemyFactory.h */ = {isa = PBXFileReference; fileEncoding = 4; lastKnownFileType = sourcecode.c.h; path = EnemyFactory.h; sourceTree = "<group>"; };
		95D589FC1845062A0069BCC6 /* EnemyFactory.m */ = {isa = PBXFileReference; fileEncoding = 4; lastKnownFileType = sourcecode.c.objc; path = EnemyFactory.m; sourceTree = "<group>"; };
		95D589FE184514C00069BCC6 /* mothershipBurst.sks */ = {isa = PBXFileReference; lastKnownFileType = file.sks; path = mothershipBurst.sks; sourceTree = "<group>"; };
		95D589FF184514C00069BCC6 /* spark.png */ = {isa = PBXFileReference; lastKnownFileType = image.png; path = spark.png; sourceTree = "<group>"; };
		95D58A04184517370069BCC6 /* enemyBurst.sks */ = {isa = PBXFileReference; lastKnownFileType = file.sks; path = enemyBurst.sks; sourceTree = "<group>"; };
/* End PBXFileReference section */

/* Begin PBXFrameworksBuildPhase section */
		7811548F183D1AD300A61AD2 /* Frameworks */ = {
			isa = PBXFrameworksBuildPhase;
			buildActionMask = 2147483647;
			files = (
				78115498183D1AD300A61AD2 /* CoreGraphics.framework in Frameworks */,
				7811549A183D1AD300A61AD2 /* UIKit.framework in Frameworks */,
				7811549C183D1AD300A61AD2 /* SpriteKit.framework in Frameworks */,
				78115496183D1AD300A61AD2 /* Foundation.framework in Frameworks */,
			);
			runOnlyForDeploymentPostprocessing = 0;
		};
		781154B7183D1AD300A61AD2 /* Frameworks */ = {
			isa = PBXFrameworksBuildPhase;
			buildActionMask = 2147483647;
			files = (
				781154BC183D1AD300A61AD2 /* XCTest.framework in Frameworks */,
				781154BE183D1AD300A61AD2 /* UIKit.framework in Frameworks */,
				781154BD183D1AD300A61AD2 /* Foundation.framework in Frameworks */,
			);
			runOnlyForDeploymentPostprocessing = 0;
		};
/* End PBXFrameworksBuildPhase section */

/* Begin PBXGroup section */
		40218C74183E3FA200ABBF8A /* Custom Text */ = {
			isa = PBXGroup;
			children = (
				40F262F5183E6636007E35CD /* Level Text */,
				40F262F3183E6622007E35CD /* Main Menu Text */,
			);
			name = "Custom Text";
			sourceTree = "<group>";
		};
		40DB3C87183F82E6009FD3FA /* Levels */ = {
			isa = PBXGroup;
			children = (
				40DB3C88183F82FB009FD3FA /* LevelManager.h */,
				40DB3C89183F82FB009FD3FA /* LevelManager.m */,
				40DB3C8B183F8319009FD3FA /* Level.h */,
				40DB3C8C183F8319009FD3FA /* Level.m */,
			);
			name = Levels;
			sourceTree = "<group>";
		};
		40F262F3183E6622007E35CD /* Main Menu Text */ = {
			isa = PBXGroup;
			children = (
				40F262DF183E599E007E35CD /* LevelSelectionMenuItem.png */,
				40F262E0183E599E007E35CD /* LevelSelectionMenuItem@2x.png */,
				40F262E3183E5B9A007E35CD /* HighscoresMenuItem.png */,
				40F262E4183E5B9A007E35CD /* HighscoresMenuItem@2x.png */,
				40F262E7183E5BA5007E35CD /* UpgradeStoreMenuItem.png */,
				40F262E8183E5BA5007E35CD /* UpgradeStoreMenuItem@2x.png */,
			);
			name = "Main Menu Text";
			sourceTree = "<group>";
		};
		40F262F5183E6636007E35CD /* Level Text */ = {
			isa = PBXGroup;
			children = (
				40F262F6183E6658007E35CD /* Level1MenuItem.png */,
				40F262F7183E6658007E35CD /* Level1MenuItem@2x.png */,
				40F262F8183E6658007E35CD /* Level2MenuItem.png */,
				40F262F9183E6658007E35CD /* Level2MenuItem@2x.png */,
				40F262FA183E6658007E35CD /* Level3MenuItem.png */,
				40F262FB183E6658007E35CD /* Level3MenuItem@2x.png */,
			);
			name = "Level Text";
			sourceTree = "<group>";
		};
		40F26302183E7BB8007E35CD /* Fonts */ = {
			isa = PBXGroup;
			children = (
				40F26304183E7BE2007E35CD /* Apple-casual.ttf */,
			);
			name = Fonts;
			sourceTree = "<group>";
		};
		78115489183D1AD200A61AD2 = {
			isa = PBXGroup;
			children = (
				7811549D183D1AD300A61AD2 /* AlienInvaders */,
				781154C1183D1AD300A61AD2 /* AlienInvadersTests */,
				78115494183D1AD300A61AD2 /* Frameworks */,
				78115493183D1AD300A61AD2 /* Products */,
			);
			sourceTree = "<group>";
		};
		78115493183D1AD300A61AD2 /* Products */ = {
			isa = PBXGroup;
			children = (
				78115492183D1AD300A61AD2 /* AlienInvaders.app */,
				781154BA183D1AD300A61AD2 /* AlienInvadersTests.xctest */,
			);
			name = Products;
			sourceTree = "<group>";
		};
		78115494183D1AD300A61AD2 /* Frameworks */ = {
			isa = PBXGroup;
			children = (
				78115495183D1AD300A61AD2 /* Foundation.framework */,
				78115497183D1AD300A61AD2 /* CoreGraphics.framework */,
				78115499183D1AD300A61AD2 /* UIKit.framework */,
				7811549B183D1AD300A61AD2 /* SpriteKit.framework */,
				781154BB183D1AD300A61AD2 /* XCTest.framework */,
			);
			name = Frameworks;
			sourceTree = "<group>";
		};
		7811549D183D1AD300A61AD2 /* AlienInvaders */ = {
			isa = PBXGroup;
			children = (
				40DB3C87183F82E6009FD3FA /* Levels */,
				781154DE183D2EC300A61AD2 /* Highscores */,
				959219C018410452005645B1 /* Weapons and Shields */,
				781154D4183D2A6E00A61AD2 /* Menu */,
				957B37241844B4CB0086EC8B /* GameScene */,
				95D589E51844D76F0069BCC6 /* Mothership */,
				95D589D71844CC470069BCC6 /* Enemies */,
				95D589DE1844D0BA0069BCC6 /* Helpers */,
				9573ACC41845681A0030F8F3 /* Other things on screen */,
				781154A6183D1AD300A61AD2 /* AppDelegate.h */,
				781154A7183D1AD300A61AD2 /* AppDelegate.m */,
				781154A9183D1AD300A61AD2 /* Main.storyboard */,
				781154B4183D1AD300A61AD2 /* Images.xcassets */,
				7811549E183D1AD300A61AD2 /* Supporting Files */,
			);
			path = AlienInvaders;
			sourceTree = "<group>";
		};
		7811549E183D1AD300A61AD2 /* Supporting Files */ = {
			isa = PBXGroup;
			children = (
				9573ACCA184570E00030F8F3 /* Icons */,
				40F26302183E7BB8007E35CD /* Fonts */,
				40218C74183E3FA200ABBF8A /* Custom Text */,
				7811549F183D1AD300A61AD2 /* AlienInvaders-Info.plist */,
				95D589E21844D2420069BCC6 /* Enemies and Ships */,
				95283DCE1842484400EF7304 /* Weapons */,
				959219C4184112ED005645B1 /* Temporary Images */,
				959D1A4F183E30DA006B2F8A /* Backgrounds */,
				781154A0183D1AD300A61AD2 /* InfoPlist.strings */,
				781154A3183D1AD300A61AD2 /* main.m */,
				781154A5183D1AD300A61AD2 /* AlienInvaders-Prefix.pch */,
			);
			name = "Supporting Files";
			sourceTree = "<group>";
		};
		781154C1183D1AD300A61AD2 /* AlienInvadersTests */ = {
			isa = PBXGroup;
			children = (
				781154C7183D1AD300A61AD2 /* AlienInvadersTests.m */,
				781154C2183D1AD300A61AD2 /* Supporting Files */,
			);
			path = AlienInvadersTests;
			sourceTree = "<group>";
		};
		781154C2183D1AD300A61AD2 /* Supporting Files */ = {
			isa = PBXGroup;
			children = (
				781154C3183D1AD300A61AD2 /* AlienInvadersTests-Info.plist */,
				781154C4183D1AD300A61AD2 /* InfoPlist.strings */,
			);
			name = "Supporting Files";
			sourceTree = "<group>";
		};
		781154D4183D2A6E00A61AD2 /* Menu */ = {
			isa = PBXGroup;
			children = (
				781154D1183D2A6400A61AD2 /* MainMenuViewController.h */,
				781154D2183D2A6400A61AD2 /* MainMenuViewController.m */,
				781154D5183D2AA600A61AD2 /* LevelSelectionViewController.h */,
				781154D6183D2AA600A61AD2 /* LevelSelectionViewController.m */,
				781154DB183D2AF200A61AD2 /* UpgradeStoreViewController.h */,
				781154DC183D2AF200A61AD2 /* UpgradeStoreViewController.m */,
				957B37211844B4780086EC8B /* GameSceneViewController.h */,
				957B37221844B4780086EC8B /* GameSceneViewController.m */,
			);
			name = Menu;
			sourceTree = "<group>";
		};
		781154DE183D2EC300A61AD2 /* Highscores */ = {
			isa = PBXGroup;
			children = (
				781154D8183D2ACD00A61AD2 /* HighscoreViewController.h */,
				781154D9183D2ACD00A61AD2 /* HighscoreViewController.m */,
				781154DF183D30C400A61AD2 /* HighscoreManager.h */,
				781154E0183D30C400A61AD2 /* HighscoreManager.m */,
				781154E2183D30D200A61AD2 /* Highscore.h */,
				781154E3183D30D200A61AD2 /* Highscore.m */,
				40218C71183E2CE100ABBF8A /* HighscoreLevelSelectionViewController.h */,
				40218C72183E2CE100ABBF8A /* HighscoreLevelSelectionViewController.m */,
			);
			name = Highscores;
			sourceTree = "<group>";
		};
		95283DCE1842484400EF7304 /* Weapons */ = {
			isa = PBXGroup;
			children = (
				40D25B8818439E57009D24F8 /* Double Shot@2x.png */,
				40D25B8918439E57009D24F8 /* Shotgun@2x.png */,
				40D25B8A18439E57009D24F8 /* Single Shot@2x.png */,
				40D25B8618439C72009D24F8 /* Laser@2x.png */,
				40D25B8418439865009D24F8 /* Atom Bomb@2x.png */,
			);
			name = Weapons;
			sourceTree = "<group>";
		};
		9573ACBB184558900030F8F3 /* Mothership */ = {
			isa = PBXGroup;
			children = (
				9573ACB81845587D0030F8F3 /* MothershipWeapons.h */,
				9573ACB91845587D0030F8F3 /* MothershipWeapons.m */,
				9573ACBC184558D60030F8F3 /* MothershipSingleShot.h */,
				9573ACBD184558D60030F8F3 /* MothershipSingleShot.m */,
				95950ED01845FE0000CBF5E0 /* MothershipDoubleShot.h */,
				95950ED11845FE0000CBF5E0 /* MothershipDoubleShot.m */,
				95950ED31845FF3000CBF5E0 /* MothershipShotgun.h */,
				95950ED41845FF3000CBF5E0 /* MothershipShotgun.m */,
				95950ED81846259700CBF5E0 /* MotherShipLaser.h */,
				95950ED91846259700CBF5E0 /* MotherShipLaser.m */,
				9573ACBF18455B140030F8F3 /* Bullet.h */,
				9573ACC018455B140030F8F3 /* Bullet.m */,
				95950EDB18462CE700CBF5E0 /* Laser.h */,
				95950EDC18462CE700CBF5E0 /* Laser.m */,
			);
			name = Mothership;
			sourceTree = "<group>";
		};
		9573ACC41845681A0030F8F3 /* Other things on screen */ = {
			isa = PBXGroup;
			children = (
				9573ACC5184568810030F8F3 /* LifeIndicator.h */,
				9573ACC6184568810030F8F3 /* LifeIndicator.m */,
			);
			name = "Other things on screen";
			sourceTree = "<group>";
		};
		9573ACCA184570E00030F8F3 /* Icons */ = {
			isa = PBXGroup;
			children = (
				9573ACC8184569BF0030F8F3 /* white.png */,
				9573ACCB184570F30030F8F3 /* redCross@2x.png */,
			);
			name = Icons;
			sourceTree = "<group>";
		};
		957B37241844B4CB0086EC8B /* GameScene */ = {
			isa = PBXGroup;
			children = (
				957B37281844B51B0086EC8B /* GameScene.h */,
				957B37291844B51B0086EC8B /* GameScene.m */,
			);
			name = GameScene;
			sourceTree = "<group>";
		};
		959219C018410452005645B1 /* Weapons and Shields */ = {
			isa = PBXGroup;
			children = (
				959219C1184104B0005645B1 /* WeaponManager.h */,
				959219C2184104B0005645B1 /* WeaponManager.m */,
				95640ED91842256B00D67AAB /* ShieldManager.h */,
				95640EDA1842256B00D67AAB /* ShieldManager.m */,
				9573ACBB184558900030F8F3 /* Mothership */,
			);
			name = "Weapons and Shields";
			sourceTree = "<group>";
		};
		959219C4184112ED005645B1 /* Temporary Images */ = {
			isa = PBXGroup;
			children = (
				959219C5184112FA005645B1 /* tempWeapon.jpg */,
				954123AE184210900033FBD8 /* tempShield.png */,
			);
			name = "Temporary Images";
			sourceTree = "<group>";
		};
		959D1A4F183E30DA006B2F8A /* Backgrounds */ = {
			isa = PBXGroup;
			children = (
				03A8B64F1844EBA4008BF4D2 /* bloody frame@2x.png */,
				40D25B7818438E0E009D24F8 /* AlienInvaderLogo@2x.png */,
				40F262EF183E6146007E35CD /* MainMenuBackground.jpg */,
				40F262F0183E6146007E35CD /* MainMenuBackground@2x.jpg */,
			);
			name = Backgrounds;
			sourceTree = "<group>";
		};
		95D589D71844CC470069BCC6 /* Enemies */ = {
			isa = PBXGroup;
			children = (
				95D589D81844CC9C0069BCC6 /* Enemy.h */,
				95D589D91844CC9C0069BCC6 /* Enemy.m */,
				95D589DB1844D0080069BCC6 /* StandardEnemy.h */,
				95D589DC1844D0080069BCC6 /* StandardEnemy.m */,
				95D589FB1845062A0069BCC6 /* EnemyFactory.h */,
				95D589FC1845062A0069BCC6 /* EnemyFactory.m */,
				95D58A04184517370069BCC6 /* enemyBurst.sks */,
				9573ACC2184563460030F8F3 /* explosion.sks */,
			);
			name = Enemies;
			sourceTree = "<group>";
		};
		95D589DE1844D0BA0069BCC6 /* Helpers */ = {
			isa = PBXGroup;
			children = (
				95D589DF1844D0D60069BCC6 /* Categories.h */,
				95D589E01844D0D60069BCC6 /* Categories.m */,
			);
			name = Helpers;
			sourceTree = "<group>";
		};
		95D589E21844D2420069BCC6 /* Enemies and Ships */ = {
			isa = PBXGroup;
			children = (
				40D25B921845062B009D24F8 /* Bullet@2x.png */,
				95950EE01846313800CBF5E0 /* laserbeam@2x.png */,
				40D25B8E18450159009D24F8 /* standardEnemy@2x.png */,
				95D589F31844E8C40069BCC6 /* MotherShip@2x.png */,
			);
			name = "Enemies and Ships";
			sourceTree = "<group>";
		};
		95D589E51844D76F0069BCC6 /* Mothership */ = {
			isa = PBXGroup;
			children = (
				95D589E61844D7980069BCC6 /* Mothership.h */,
				95D589E71844D7980069BCC6 /* Mothership.m */,
				95D589FE184514C00069BCC6 /* mothershipBurst.sks */,
				95D589FF184514C00069BCC6 /* spark.png */,
			);
			name = Mothership;
			sourceTree = "<group>";
		};
/* End PBXGroup section */

/* Begin PBXNativeTarget section */
		78115491183D1AD300A61AD2 /* AlienInvaders */ = {
			isa = PBXNativeTarget;
			buildConfigurationList = 781154CB183D1AD300A61AD2 /* Build configuration list for PBXNativeTarget "AlienInvaders" */;
			buildPhases = (
				7811548E183D1AD300A61AD2 /* Sources */,
				7811548F183D1AD300A61AD2 /* Frameworks */,
				78115490183D1AD300A61AD2 /* Resources */,
			);
			buildRules = (
			);
			dependencies = (
			);
			name = AlienInvaders;
			productName = AlienInvaders;
			productReference = 78115492183D1AD300A61AD2 /* AlienInvaders.app */;
			productType = "com.apple.product-type.application";
		};
		781154B9183D1AD300A61AD2 /* AlienInvadersTests */ = {
			isa = PBXNativeTarget;
			buildConfigurationList = 781154CE183D1AD300A61AD2 /* Build configuration list for PBXNativeTarget "AlienInvadersTests" */;
			buildPhases = (
				781154B6183D1AD300A61AD2 /* Sources */,
				781154B7183D1AD300A61AD2 /* Frameworks */,
				781154B8183D1AD300A61AD2 /* Resources */,
			);
			buildRules = (
			);
			dependencies = (
				781154C0183D1AD300A61AD2 /* PBXTargetDependency */,
			);
			name = AlienInvadersTests;
			productName = AlienInvadersTests;
			productReference = 781154BA183D1AD300A61AD2 /* AlienInvadersTests.xctest */;
			productType = "com.apple.product-type.bundle.unit-test";
		};
/* End PBXNativeTarget section */

/* Begin PBXProject section */
		7811548A183D1AD200A61AD2 /* Project object */ = {
			isa = PBXProject;
			attributes = {
				LastUpgradeCheck = 0500;
				ORGANIZATIONNAME = Marty;
				TargetAttributes = {
					781154B9183D1AD300A61AD2 = {
						TestTargetID = 78115491183D1AD300A61AD2;
					};
				};
			};
			buildConfigurationList = 7811548D183D1AD300A61AD2 /* Build configuration list for PBXProject "AlienInvaders" */;
			compatibilityVersion = "Xcode 3.2";
			developmentRegion = English;
			hasScannedForEncodings = 0;
			knownRegions = (
				en,
				Base,
			);
			mainGroup = 78115489183D1AD200A61AD2;
			productRefGroup = 78115493183D1AD300A61AD2 /* Products */;
			projectDirPath = "";
			projectRoot = "";
			targets = (
				78115491183D1AD300A61AD2 /* AlienInvaders */,
				781154B9183D1AD300A61AD2 /* AlienInvadersTests */,
			);
		};
/* End PBXProject section */

/* Begin PBXResourcesBuildPhase section */
		78115490183D1AD300A61AD2 /* Resources */ = {
			isa = PBXResourcesBuildPhase;
			buildActionMask = 2147483647;
			files = (
				781154A2183D1AD300A61AD2 /* InfoPlist.strings in Resources */,
				40F262E6183E5B9A007E35CD /* HighscoresMenuItem@2x.png in Resources */,
				40D25B8F18450159009D24F8 /* standardEnemy@2x.png in Resources */,
				40D25B8C18439E57009D24F8 /* Shotgun@2x.png in Resources */,
				40D25B8718439C72009D24F8 /* Laser@2x.png in Resources */,
				9573ACC9184569BF0030F8F3 /* white.png in Resources */,
				959219C6184112FA005645B1 /* tempWeapon.jpg in Resources */,
				40F262E9183E5BA5007E35CD /* UpgradeStoreMenuItem.png in Resources */,
				95950EE11846313800CBF5E0 /* laserbeam@2x.png in Resources */,
				40F262F2183E6146007E35CD /* MainMenuBackground@2x.jpg in Resources */,
				40F26300183E6658007E35CD /* Level3MenuItem.png in Resources */,
				40F262FD183E6658007E35CD /* Level1MenuItem@2x.png in Resources */,
				40D25B7918438E0E009D24F8 /* AlienInvaderLogo@2x.png in Resources */,
				40D25B8518439865009D24F8 /* Atom Bomb@2x.png in Resources */,
				40F262EA183E5BA5007E35CD /* UpgradeStoreMenuItem@2x.png in Resources */,
				40F262E1183E599E007E35CD /* LevelSelectionMenuItem.png in Resources */,
				40D25B931845062B009D24F8 /* Bullet@2x.png in Resources */,
				9573ACCC184570F30030F8F3 /* redCross@2x.png in Resources */,
				40F262E5183E5B9A007E35CD /* HighscoresMenuItem.png in Resources */,
				781154B5183D1AD300A61AD2 /* Images.xcassets in Resources */,
				40F262E2183E599E007E35CD /* LevelSelectionMenuItem@2x.png in Resources */,
				95D58A05184517370069BCC6 /* enemyBurst.sks in Resources */,
				40F26305183E7BE2007E35CD /* Apple-casual.ttf in Resources */,
				40D25B8B18439E57009D24F8 /* Double Shot@2x.png in Resources */,
				03A8B6501844EBA4008BF4D2 /* bloody frame@2x.png in Resources */,
				40F26301183E6658007E35CD /* Level3MenuItem@2x.png in Resources */,
				9573ACC3184563460030F8F3 /* explosion.sks in Resources */,
				954123AF184210900033FBD8 /* tempShield.png in Resources */,
				781154AB183D1AD300A61AD2 /* Main.storyboard in Resources */,
				40F262FC183E6658007E35CD /* Level1MenuItem.png in Resources */,
				40F262F1183E6146007E35CD /* MainMenuBackground.jpg in Resources */,
				40D25B8D18439E57009D24F8 /* Single Shot@2x.png in Resources */,
				40F262FF183E6658007E35CD /* Level2MenuItem@2x.png in Resources */,
				95D58A00184514C00069BCC6 /* mothershipBurst.sks in Resources */,
				95D58A01184514C00069BCC6 /* spark.png in Resources */,
				95D589F41844E8C40069BCC6 /* MotherShip@2x.png in Resources */,
				40F262FE183E6658007E35CD /* Level2MenuItem.png in Resources */,
			);
			runOnlyForDeploymentPostprocessing = 0;
		};
		781154B8183D1AD300A61AD2 /* Resources */ = {
			isa = PBXResourcesBuildPhase;
			buildActionMask = 2147483647;
			files = (
				781154C6183D1AD300A61AD2 /* InfoPlist.strings in Resources */,
			);
			runOnlyForDeploymentPostprocessing = 0;
		};
/* End PBXResourcesBuildPhase section */

/* Begin PBXSourcesBuildPhase section */
		7811548E183D1AD300A61AD2 /* Sources */ = {
			isa = PBXSourcesBuildPhase;
			buildActionMask = 2147483647;
			files = (
				95D589DA1844CC9C0069BCC6 /* Enemy.m in Sources */,
				781154A8183D1AD300A61AD2 /* AppDelegate.m in Sources */,
				959219C3184104B0005645B1 /* WeaponManager.m in Sources */,
				95950ED51845FF3000CBF5E0 /* MothershipShotgun.m in Sources */,
				40DB3C8D183F8319009FD3FA /* Level.m in Sources */,
				781154DD183D2AF200A61AD2 /* UpgradeStoreViewController.m in Sources */,
				95D589DD1844D0080069BCC6 /* StandardEnemy.m in Sources */,
				781154E4183D30D200A61AD2 /* Highscore.m in Sources */,
				9573ACC7184568810030F8F3 /* LifeIndicator.m in Sources */,
				95950EDD18462CE700CBF5E0 /* Laser.m in Sources */,
				957B37231844B4780086EC8B /* GameSceneViewController.m in Sources */,
				9573ACBE184558D60030F8F3 /* MothershipSingleShot.m in Sources */,
				781154D3183D2A6400A61AD2 /* MainMenuViewController.m in Sources */,
				9573ACBA1845587D0030F8F3 /* MothershipWeapons.m in Sources */,
				95950EDA1846259700CBF5E0 /* MotherShipLaser.m in Sources */,
				957B372A1844B51B0086EC8B /* GameScene.m in Sources */,
				40218C73183E2CE100ABBF8A /* HighscoreLevelSelectionViewController.m in Sources */,
				9573ACC118455B140030F8F3 /* Bullet.m in Sources */,
				781154D7183D2AA600A61AD2 /* LevelSelectionViewController.m in Sources */,
				40DB3C8A183F82FB009FD3FA /* LevelManager.m in Sources */,
				95D589E11844D0D60069BCC6 /* Categories.m in Sources */,
				781154E1183D30C400A61AD2 /* HighscoreManager.m in Sources */,
				95D589FD1845062A0069BCC6 /* EnemyFactory.m in Sources */,
				95640EDB1842256B00D67AAB /* ShieldManager.m in Sources */,
				781154DA183D2ACD00A61AD2 /* HighscoreViewController.m in Sources */,
				95D589E81844D7980069BCC6 /* Mothership.m in Sources */,
				781154A4183D1AD300A61AD2 /* main.m in Sources */,
				95950ED21845FE0000CBF5E0 /* MothershipDoubleShot.m in Sources */,
			);
			runOnlyForDeploymentPostprocessing = 0;
		};
		781154B6183D1AD300A61AD2 /* Sources */ = {
			isa = PBXSourcesBuildPhase;
			buildActionMask = 2147483647;
			files = (
				781154C8183D1AD300A61AD2 /* AlienInvadersTests.m in Sources */,
			);
			runOnlyForDeploymentPostprocessing = 0;
		};
/* End PBXSourcesBuildPhase section */

/* Begin PBXTargetDependency section */
		781154C0183D1AD300A61AD2 /* PBXTargetDependency */ = {
			isa = PBXTargetDependency;
			target = 78115491183D1AD300A61AD2 /* AlienInvaders */;
			targetProxy = 781154BF183D1AD300A61AD2 /* PBXContainerItemProxy */;
		};
/* End PBXTargetDependency section */

/* Begin PBXVariantGroup section */
		781154A0183D1AD300A61AD2 /* InfoPlist.strings */ = {
			isa = PBXVariantGroup;
			children = (
				781154A1183D1AD300A61AD2 /* en */,
			);
			name = InfoPlist.strings;
			sourceTree = "<group>";
		};
		781154A9183D1AD300A61AD2 /* Main.storyboard */ = {
			isa = PBXVariantGroup;
			children = (
				781154AA183D1AD300A61AD2 /* Base */,
			);
			name = Main.storyboard;
			sourceTree = "<group>";
		};
		781154C4183D1AD300A61AD2 /* InfoPlist.strings */ = {
			isa = PBXVariantGroup;
			children = (
				781154C5183D1AD300A61AD2 /* en */,
			);
			name = InfoPlist.strings;
			sourceTree = "<group>";
		};
/* End PBXVariantGroup section */

/* Begin XCBuildConfiguration section */
		781154C9183D1AD300A61AD2 /* Debug */ = {
			isa = XCBuildConfiguration;
			buildSettings = {
				ALWAYS_SEARCH_USER_PATHS = NO;
				ARCHS = "$(ARCHS_STANDARD_INCLUDING_64_BIT)";
				CLANG_CXX_LANGUAGE_STANDARD = "gnu++0x";
				CLANG_CXX_LIBRARY = "libc++";
				CLANG_ENABLE_MODULES = YES;
				CLANG_ENABLE_OBJC_ARC = YES;
				CLANG_WARN_BOOL_CONVERSION = YES;
				CLANG_WARN_CONSTANT_CONVERSION = YES;
				CLANG_WARN_DIRECT_OBJC_ISA_USAGE = YES_ERROR;
				CLANG_WARN_EMPTY_BODY = YES;
				CLANG_WARN_ENUM_CONVERSION = YES;
				CLANG_WARN_INT_CONVERSION = YES;
				CLANG_WARN_OBJC_ROOT_CLASS = YES_ERROR;
				CLANG_WARN__DUPLICATE_METHOD_MATCH = YES;
				"CODE_SIGN_IDENTITY[sdk=iphoneos*]" = "iPhone Developer";
				COPY_PHASE_STRIP = NO;
				GCC_C_LANGUAGE_STANDARD = gnu99;
				GCC_DYNAMIC_NO_PIC = NO;
				GCC_OPTIMIZATION_LEVEL = 0;
				GCC_PREPROCESSOR_DEFINITIONS = (
					"DEBUG=1",
					"$(inherited)",
				);
				GCC_SYMBOLS_PRIVATE_EXTERN = NO;
				GCC_WARN_64_TO_32_BIT_CONVERSION = YES;
				GCC_WARN_ABOUT_RETURN_TYPE = YES_ERROR;
				GCC_WARN_UNDECLARED_SELECTOR = YES;
				GCC_WARN_UNINITIALIZED_AUTOS = YES;
				GCC_WARN_UNUSED_FUNCTION = YES;
				GCC_WARN_UNUSED_VARIABLE = YES;
				IPHONEOS_DEPLOYMENT_TARGET = 7.0;
				ONLY_ACTIVE_ARCH = YES;
				SDKROOT = iphoneos;
			};
			name = Debug;
		};
		781154CA183D1AD300A61AD2 /* Release */ = {
			isa = XCBuildConfiguration;
			buildSettings = {
				ALWAYS_SEARCH_USER_PATHS = NO;
				ARCHS = "$(ARCHS_STANDARD_INCLUDING_64_BIT)";
				CLANG_CXX_LANGUAGE_STANDARD = "gnu++0x";
				CLANG_CXX_LIBRARY = "libc++";
				CLANG_ENABLE_MODULES = YES;
				CLANG_ENABLE_OBJC_ARC = YES;
				CLANG_WARN_BOOL_CONVERSION = YES;
				CLANG_WARN_CONSTANT_CONVERSION = YES;
				CLANG_WARN_DIRECT_OBJC_ISA_USAGE = YES_ERROR;
				CLANG_WARN_EMPTY_BODY = YES;
				CLANG_WARN_ENUM_CONVERSION = YES;
				CLANG_WARN_INT_CONVERSION = YES;
				CLANG_WARN_OBJC_ROOT_CLASS = YES_ERROR;
				CLANG_WARN__DUPLICATE_METHOD_MATCH = YES;
				"CODE_SIGN_IDENTITY[sdk=iphoneos*]" = "iPhone Developer";
				COPY_PHASE_STRIP = YES;
				ENABLE_NS_ASSERTIONS = NO;
				GCC_C_LANGUAGE_STANDARD = gnu99;
				GCC_WARN_64_TO_32_BIT_CONVERSION = YES;
				GCC_WARN_ABOUT_RETURN_TYPE = YES_ERROR;
				GCC_WARN_UNDECLARED_SELECTOR = YES;
				GCC_WARN_UNINITIALIZED_AUTOS = YES;
				GCC_WARN_UNUSED_FUNCTION = YES;
				GCC_WARN_UNUSED_VARIABLE = YES;
				IPHONEOS_DEPLOYMENT_TARGET = 7.0;
				SDKROOT = iphoneos;
				VALIDATE_PRODUCT = YES;
			};
			name = Release;
		};
		781154CC183D1AD300A61AD2 /* Debug */ = {
			isa = XCBuildConfiguration;
			buildSettings = {
				ASSETCATALOG_COMPILER_APPICON_NAME = AppIcon;
				ASSETCATALOG_COMPILER_LAUNCHIMAGE_NAME = LaunchImage;
				CODE_SIGN_IDENTITY = "iPhone Developer";
				"CODE_SIGN_IDENTITY[sdk=iphoneos*]" = "iPhone Developer";
				GCC_PRECOMPILE_PREFIX_HEADER = YES;
				GCC_PREFIX_HEADER = "AlienInvaders/AlienInvaders-Prefix.pch";
				INFOPLIST_FILE = "AlienInvaders/AlienInvaders-Info.plist";
				PRODUCT_NAME = "$(TARGET_NAME)";
				PROVISIONING_PROFILE = "";
				SPRITEKIT_TEXTURE_ATLAS_OUTPUT = YES;
				WRAPPER_EXTENSION = app;
			};
			name = Debug;
		};
		781154CD183D1AD300A61AD2 /* Release */ = {
			isa = XCBuildConfiguration;
			buildSettings = {
				ASSETCATALOG_COMPILER_APPICON_NAME = AppIcon;
				ASSETCATALOG_COMPILER_LAUNCHIMAGE_NAME = LaunchImage;
				CODE_SIGN_IDENTITY = "iPhone Developer";
				"CODE_SIGN_IDENTITY[sdk=iphoneos*]" = "iPhone Developer";
				GCC_PRECOMPILE_PREFIX_HEADER = YES;
				GCC_PREFIX_HEADER = "AlienInvaders/AlienInvaders-Prefix.pch";
				INFOPLIST_FILE = "AlienInvaders/AlienInvaders-Info.plist";
				PRODUCT_NAME = "$(TARGET_NAME)";
				PROVISIONING_PROFILE = "";
				SPRITEKIT_TEXTURE_ATLAS_OUTPUT = YES;
				WRAPPER_EXTENSION = app;
			};
			name = Release;
		};
		781154CF183D1AD300A61AD2 /* Debug */ = {
			isa = XCBuildConfiguration;
			buildSettings = {
				ARCHS = "$(ARCHS_STANDARD_INCLUDING_64_BIT)";
				BUNDLE_LOADER = "$(BUILT_PRODUCTS_DIR)/AlienInvaders.app/AlienInvaders";
				FRAMEWORK_SEARCH_PATHS = (
					"$(SDKROOT)/Developer/Library/Frameworks",
					"$(inherited)",
					"$(DEVELOPER_FRAMEWORKS_DIR)",
				);
				GCC_PRECOMPILE_PREFIX_HEADER = YES;
				GCC_PREFIX_HEADER = "AlienInvaders/AlienInvaders-Prefix.pch";
				GCC_PREPROCESSOR_DEFINITIONS = (
					"DEBUG=1",
					"$(inherited)",
				);
				INFOPLIST_FILE = "AlienInvadersTests/AlienInvadersTests-Info.plist";
				PRODUCT_NAME = "$(TARGET_NAME)";
				TEST_HOST = "$(BUNDLE_LOADER)";
				WRAPPER_EXTENSION = xctest;
			};
			name = Debug;
		};
		781154D0183D1AD300A61AD2 /* Release */ = {
			isa = XCBuildConfiguration;
			buildSettings = {
				ARCHS = "$(ARCHS_STANDARD_INCLUDING_64_BIT)";
				BUNDLE_LOADER = "$(BUILT_PRODUCTS_DIR)/AlienInvaders.app/AlienInvaders";
				FRAMEWORK_SEARCH_PATHS = (
					"$(SDKROOT)/Developer/Library/Frameworks",
					"$(inherited)",
					"$(DEVELOPER_FRAMEWORKS_DIR)",
				);
				GCC_PRECOMPILE_PREFIX_HEADER = YES;
				GCC_PREFIX_HEADER = "AlienInvaders/AlienInvaders-Prefix.pch";
				INFOPLIST_FILE = "AlienInvadersTests/AlienInvadersTests-Info.plist";
				PRODUCT_NAME = "$(TARGET_NAME)";
				TEST_HOST = "$(BUNDLE_LOADER)";
				WRAPPER_EXTENSION = xctest;
			};
			name = Release;
		};
/* End XCBuildConfiguration section */

/* Begin XCConfigurationList section */
		7811548D183D1AD300A61AD2 /* Build configuration list for PBXProject "AlienInvaders" */ = {
			isa = XCConfigurationList;
			buildConfigurations = (
				781154C9183D1AD300A61AD2 /* Debug */,
				781154CA183D1AD300A61AD2 /* Release */,
			);
			defaultConfigurationIsVisible = 0;
			defaultConfigurationName = Release;
		};
		781154CB183D1AD300A61AD2 /* Build configuration list for PBXNativeTarget "AlienInvaders" */ = {
			isa = XCConfigurationList;
			buildConfigurations = (
				781154CC183D1AD300A61AD2 /* Debug */,
				781154CD183D1AD300A61AD2 /* Release */,
			);
			defaultConfigurationIsVisible = 0;
			defaultConfigurationName = Release;
		};
		781154CE183D1AD300A61AD2 /* Build configuration list for PBXNativeTarget "AlienInvadersTests" */ = {
			isa = XCConfigurationList;
			buildConfigurations = (
				781154CF183D1AD300A61AD2 /* Debug */,
				781154D0183D1AD300A61AD2 /* Release */,
			);
			defaultConfigurationIsVisible = 0;
			defaultConfigurationName = Release;
		};
/* End XCConfigurationList section */
	};
	rootObject = 7811548A183D1AD200A61AD2 /* Project object */;
}
